
Microsoft Visual Studio Solution File, Format Version 12.00
# Visual Studio Version 17
VisualStudioVersion = 17.11.35327.3
MinimumVisualStudioVersion = 10.0.40219.1
Project("{9A19103F-16F7-4668-BE54-9A1E7A4F7556}") = "dapps.core", "dapps.core\dapps.core.csproj", "{67B8E458-A30F-4894-BBA5-2FF16B75E935}"
EndProject
Project("{9A19103F-16F7-4668-BE54-9A1E7A4F7556}") = "dapps.core.tests", "dapps.core.tests\dapps.core.tests.csproj", "{E930DF70-1389-4F80-BE68-DAC5F9CA5E85}"
EndProject
Project("{9A19103F-16F7-4668-BE54-9A1E7A4F7556}") = "dapps.client", "dapps.client\dapps.client.csproj", "{06ECD3AD-162F-426D-9F38-0B51B3825C5F}"
EndProject
Project("{9A19103F-16F7-4668-BE54-9A1E7A4F7556}") = "dapps.client.harness", "dapps.client.harness\dapps.client.harness.csproj", "{90B61E95-0D0F-4833-B076-DC83B53EE92C}"
EndProject
Project("{2150E333-8FDC-42A3-9474-1A3956D46DE8}") = "Solution items", "Solution items", "{77C32C01-8702-4564-A658-56F94EF35282}"
	ProjectSection(SolutionItems) = preProject
		build-image.cmd = build-image.cmd
		Dockerfile = Dockerfile
	EndProjectSection
EndProject
Project("{FAE04EC0-301F-11D3-BF4B-00C04F79EFBC}") = "dapps.core.uitests", "dapps.core.uitests\dapps.core.uitests.csproj", "{6A58B264-4F45-4CDA-8C54-5875C1644768}"
EndProject
Project("{FAE04EC0-301F-11D3-BF4B-00C04F79EFBC}") = "dapps.meshcore", "dapps.meshcore\dapps.meshcore.csproj", "{5663AA5D-88E1-4041-8033-59101887267F}"
EndProject
Project("{FAE04EC0-301F-11D3-BF4B-00C04F79EFBC}") = "dapps.meshcore.soak", "dapps.meshcore.soak\dapps.meshcore.soak.csproj", "{3332047B-7143-461B-9D9C-1FDCBAAD00AD}"
EndProject
Project("{FAE04EC0-301F-11D3-BF4B-00C04F79EFBC}") = "dapps.meshcore.sim", "dapps.meshcore.sim\dapps.meshcore.sim.csproj", "{C5A5C8EA-BE48-41D9-9608-D0AEAB2C0948}"
EndProject
Global
	GlobalSection(SolutionConfigurationPlatforms) = preSolution
		Debug|Any CPU = Debug|Any CPU
		Debug|x64 = Debug|x64
		Debug|x86 = Debug|x86
		Release|Any CPU = Release|Any CPU
		Release|x64 = Release|x64
		Release|x86 = Release|x86
	EndGlobalSection
	GlobalSection(ProjectConfigurationPlatforms) = postSolution
		{67B8E458-A30F-4894-BBA5-2FF16B75E935}.Debug|Any CPU.ActiveCfg = Debug|Any CPU
		{67B8E458-A30F-4894-BBA5-2FF16B75E935}.Debug|Any CPU.Build.0 = Debug|Any CPU
		{67B8E458-A30F-4894-BBA5-2FF16B75E935}.Debug|x64.ActiveCfg = Debug|Any CPU
		{67B8E458-A30F-4894-BBA5-2FF16B75E935}.Debug|x64.Build.0 = Debug|Any CPU
		{67B8E458-A30F-4894-BBA5-2FF16B75E935}.Debug|x86.ActiveCfg = Debug|Any CPU
		{67B8E458-A30F-4894-BBA5-2FF16B75E935}.Debug|x86.Build.0 = Debug|Any CPU
		{67B8E458-A30F-4894-BBA5-2FF16B75E935}.Release|Any CPU.ActiveCfg = Release|Any CPU
		{67B8E458-A30F-4894-BBA5-2FF16B75E935}.Release|Any CPU.Build.0 = Release|Any CPU
		{67B8E458-A30F-4894-BBA5-2FF16B75E935}.Release|x64.ActiveCfg = Release|Any CPU
		{67B8E458-A30F-4894-BBA5-2FF16B75E935}.Release|x64.Build.0 = Release|Any CPU
		{67B8E458-A30F-4894-BBA5-2FF16B75E935}.Release|x86.ActiveCfg = Release|Any CPU
		{67B8E458-A30F-4894-BBA5-2FF16B75E935}.Release|x86.Build.0 = Release|Any CPU
		{E930DF70-1389-4F80-BE68-DAC5F9CA5E85}.Debug|Any CPU.ActiveCfg = Debug|Any CPU
		{E930DF70-1389-4F80-BE68-DAC5F9CA5E85}.Debug|Any CPU.Build.0 = Debug|Any CPU
		{E930DF70-1389-4F80-BE68-DAC5F9CA5E85}.Debug|x64.ActiveCfg = Debug|Any CPU
		{E930DF70-1389-4F80-BE68-DAC5F9CA5E85}.Debug|x64.Build.0 = Debug|Any CPU
		{E930DF70-1389-4F80-BE68-DAC5F9CA5E85}.Debug|x86.ActiveCfg = Debug|Any CPU
		{E930DF70-1389-4F80-BE68-DAC5F9CA5E85}.Debug|x86.Build.0 = Debug|Any CPU
		{E930DF70-1389-4F80-BE68-DAC5F9CA5E85}.Release|Any CPU.ActiveCfg = Release|Any CPU
		{E930DF70-1389-4F80-BE68-DAC5F9CA5E85}.Release|Any CPU.Build.0 = Release|Any CPU
		{E930DF70-1389-4F80-BE68-DAC5F9CA5E85}.Release|x64.ActiveCfg = Release|Any CPU
		{E930DF70-1389-4F80-BE68-DAC5F9CA5E85}.Release|x64.Build.0 = Release|Any CPU
		{E930DF70-1389-4F80-BE68-DAC5F9CA5E85}.Release|x86.ActiveCfg = Release|Any CPU
		{E930DF70-1389-4F80-BE68-DAC5F9CA5E85}.Release|x86.Build.0 = Release|Any CPU
		{06ECD3AD-162F-426D-9F38-0B51B3825C5F}.Debug|Any CPU.ActiveCfg = Debug|Any CPU
		{06ECD3AD-162F-426D-9F38-0B51B3825C5F}.Debug|Any CPU.Build.0 = Debug|Any CPU
		{06ECD3AD-162F-426D-9F38-0B51B3825C5F}.Debug|x64.ActiveCfg = Debug|Any CPU
		{06ECD3AD-162F-426D-9F38-0B51B3825C5F}.Debug|x64.Build.0 = Debug|Any CPU
		{06ECD3AD-162F-426D-9F38-0B51B3825C5F}.Debug|x86.ActiveCfg = Debug|Any CPU
		{06ECD3AD-162F-426D-9F38-0B51B3825C5F}.Debug|x86.Build.0 = Debug|Any CPU
		{06ECD3AD-162F-426D-9F38-0B51B3825C5F}.Release|Any CPU.ActiveCfg = Release|Any CPU
		{06ECD3AD-162F-426D-9F38-0B51B3825C5F}.Release|Any CPU.Build.0 = Release|Any CPU
		{06ECD3AD-162F-426D-9F38-0B51B3825C5F}.Release|x64.ActiveCfg = Release|Any CPU
		{06ECD3AD-162F-426D-9F38-0B51B3825C5F}.Release|x64.Build.0 = Release|Any CPU
		{06ECD3AD-162F-426D-9F38-0B51B3825C5F}.Release|x86.ActiveCfg = Release|Any CPU
		{06ECD3AD-162F-426D-9F38-0B51B3825C5F}.Release|x86.Build.0 = Release|Any CPU
		{90B61E95-0D0F-4833-B076-DC83B53EE92C}.Debug|Any CPU.ActiveCfg = Debug|Any CPU
		{90B61E95-0D0F-4833-B076-DC83B53EE92C}.Debug|Any CPU.Build.0 = Debug|Any CPU
		{90B61E95-0D0F-4833-B076-DC83B53EE92C}.Debug|x64.ActiveCfg = Debug|Any CPU
		{90B61E95-0D0F-4833-B076-DC83B53EE92C}.Debug|x64.Build.0 = Debug|Any CPU
		{90B61E95-0D0F-4833-B076-DC83B53EE92C}.Debug|x86.ActiveCfg = Debug|Any CPU
		{90B61E95-0D0F-4833-B076-DC83B53EE92C}.Debug|x86.Build.0 = Debug|Any CPU
		{90B61E95-0D0F-4833-B076-DC83B53EE92C}.Release|Any CPU.ActiveCfg = Release|Any CPU
		{90B61E95-0D0F-4833-B076-DC83B53EE92C}.Release|Any CPU.Build.0 = Release|Any CPU
		{90B61E95-0D0F-4833-B076-DC83B53EE92C}.Release|x64.ActiveCfg = Release|Any CPU
		{90B61E95-0D0F-4833-B076-DC83B53EE92C}.Release|x64.Build.0 = Release|Any CPU
		{90B61E95-0D0F-4833-B076-DC83B53EE92C}.Release|x86.ActiveCfg = Release|Any CPU
		{90B61E95-0D0F-4833-B076-DC83B53EE92C}.Release|x86.Build.0 = Release|Any CPU
		{6A58B264-4F45-4CDA-8C54-5875C1644768}.Debug|Any CPU.ActiveCfg = Debug|Any CPU
		{6A58B264-4F45-4CDA-8C54-5875C1644768}.Debug|Any CPU.Build.0 = Debug|Any CPU
		{6A58B264-4F45-4CDA-8C54-5875C1644768}.Debug|x64.ActiveCfg = Debug|Any CPU
		{6A58B264-4F45-4CDA-8C54-5875C1644768}.Debug|x64.Build.0 = Debug|Any CPU
		{6A58B264-4F45-4CDA-8C54-5875C1644768}.Debug|x86.ActiveCfg = Debug|Any CPU
		{6A58B264-4F45-4CDA-8C54-5875C1644768}.Debug|x86.Build.0 = Debug|Any CPU
		{6A58B264-4F45-4CDA-8C54-5875C1644768}.Release|Any CPU.ActiveCfg = Release|Any CPU
		{6A58B264-4F45-4CDA-8C54-5875C1644768}.Release|Any CPU.Build.0 = Release|Any CPU
		{6A58B264-4F45-4CDA-8C54-5875C1644768}.Release|x64.ActiveCfg = Release|Any CPU
		{6A58B264-4F45-4CDA-8C54-5875C1644768}.Release|x64.Build.0 = Release|Any CPU
		{6A58B264-4F45-4CDA-8C54-5875C1644768}.Release|x86.ActiveCfg = Release|Any CPU
		{6A58B264-4F45-4CDA-8C54-5875C1644768}.Release|x86.Build.0 = Release|Any CPU
		{5663AA5D-88E1-4041-8033-59101887267F}.Debug|Any CPU.ActiveCfg = Debug|Any CPU
		{5663AA5D-88E1-4041-8033-59101887267F}.Debug|Any CPU.Build.0 = Debug|Any CPU
		{5663AA5D-88E1-4041-8033-59101887267F}.Debug|x64.ActiveCfg = Debug|Any CPU
		{5663AA5D-88E1-4041-8033-59101887267F}.Debug|x64.Build.0 = Debug|Any CPU
		{5663AA5D-88E1-4041-8033-59101887267F}.Debug|x86.ActiveCfg = Debug|Any CPU
		{5663AA5D-88E1-4041-8033-59101887267F}.Debug|x86.Build.0 = Debug|Any CPU
		{5663AA5D-88E1-4041-8033-59101887267F}.Release|Any CPU.ActiveCfg = Release|Any CPU
		{5663AA5D-88E1-4041-8033-59101887267F}.Release|Any CPU.Build.0 = Release|Any CPU
		{5663AA5D-88E1-4041-8033-59101887267F}.Release|x64.ActiveCfg = Release|Any CPU
		{5663AA5D-88E1-4041-8033-59101887267F}.Release|x64.Build.0 = Release|Any CPU
		{5663AA5D-88E1-4041-8033-59101887267F}.Release|x86.ActiveCfg = Release|Any CPU
		{5663AA5D-88E1-4041-8033-59101887267F}.Release|x86.Build.0 = Release|Any CPU
		{3332047B-7143-461B-9D9C-1FDCBAAD00AD}.Debug|Any CPU.ActiveCfg = Debug|Any CPU
		{3332047B-7143-461B-9D9C-1FDCBAAD00AD}.Debug|Any CPU.Build.0 = Debug|Any CPU
		{3332047B-7143-461B-9D9C-1FDCBAAD00AD}.Debug|x64.ActiveCfg = Debug|Any CPU
		{3332047B-7143-461B-9D9C-1FDCBAAD00AD}.Debug|x64.Build.0 = Debug|Any CPU
		{3332047B-7143-461B-9D9C-1FDCBAAD00AD}.Debug|x86.ActiveCfg = Debug|Any CPU
		{3332047B-7143-461B-9D9C-1FDCBAAD00AD}.Debug|x86.Build.0 = Debug|Any CPU
		{3332047B-7143-461B-9D9C-1FDCBAAD00AD}.Release|Any CPU.ActiveCfg = Release|Any CPU
		{3332047B-7143-461B-9D9C-1FDCBAAD00AD}.Release|Any CPU.Build.0 = Release|Any CPU
		{3332047B-7143-461B-9D9C-1FDCBAAD00AD}.Release|x64.ActiveCfg = Release|Any CPU
		{3332047B-7143-461B-9D9C-1FDCBAAD00AD}.Release|x64.Build.0 = Release|Any CPU
		{3332047B-7143-461B-9D9C-1FDCBAAD00AD}.Release|x86.ActiveCfg = Release|Any CPU
		{3332047B-7143-461B-9D9C-1FDCBAAD00AD}.Release|x86.Build.0 = Release|Any CPU
		{C5A5C8EA-BE48-41D9-9608-D0AEAB2C0948}.Debug|Any CPU.ActiveCfg = Debug|Any CPU
		{C5A5C8EA-BE48-41D9-9608-D0AEAB2C0948}.Debug|Any CPU.Build.0 = Debug|Any CPU
		{C5A5C8EA-BE48-41D9-9608-D0AEAB2C0948}.Debug|x64.ActiveCfg = Debug|Any CPU
		{C5A5C8EA-BE48-41D9-9608-D0AEAB2C0948}.Debug|x64.Build.0 = Debug|Any CPU
		{C5A5C8EA-BE48-41D9-9608-D0AEAB2C0948}.Debug|x86.ActiveCfg = Debug|Any CPU
		{C5A5C8EA-BE48-41D9-9608-D0AEAB2C0948}.Debug|x86.Build.0 = Debug|Any CPU
		{C5A5C8EA-BE48-41D9-9608-D0AEAB2C0948}.Release|Any CPU.ActiveCfg = Release|Any CPU
		{C5A5C8EA-BE48-41D9-9608-D0AEAB2C0948}.Release|Any CPU.Build.0 = Release|Any CPU
		{C5A5C8EA-BE48-41D9-9608-D0AEAB2C0948}.Release|x64.ActiveCfg = Release|Any CPU
		{C5A5C8EA-BE48-41D9-9608-D0AEAB2C0948}.Release|x64.Build.0 = Release|Any CPU
		{C5A5C8EA-BE48-41D9-9608-D0AEAB2C0948}.Release|x86.ActiveCfg = Release|Any CPU
		{C5A5C8EA-BE48-41D9-9608-D0AEAB2C0948}.Release|x86.Build.0 = Release|Any CPU
	EndGlobalSection
	GlobalSection(SolutionProperties) = preSolution
		HideSolutionNode = FALSE
	EndGlobalSection
	GlobalSection(ExtensibilityGlobals) = postSolution
		SolutionGuid = {5691E8D4-E9B0-4804-84F4-8EFC2D0977D7}
	EndGlobalSection
EndGlobal
